<?xml version="1.0" encoding="utf-8"?>
<Project ToolsVersion="4.0" xmlns="http://schemas.microsoft.com/developer/msbuild/2003">
  <ItemGroup>
    <Filter Include="actions">
      <UniqueIdentifier>{577a269b-e8d4-455f-bb56-267d31952f20}</UniqueIdentifier>
    </Filter>
    <Filter Include="board">
      <UniqueIdentifier>{891e4798-276c-4946-937c-cc1bad414ba3}</UniqueIdentifier>
    </Filter>
    <Filter Include="utility">
      <UniqueIdentifier>{706d963b-1bdf-49c6-85bc-1c7367785ac5}</UniqueIdentifier>
    </Filter>
    <Filter Include="token">
      <UniqueIdentifier>{edce2f39-6ace-4e2e-84f2-5f9e64116d29}</UniqueIdentifier>
    </Filter>
    <Filter Include="player">
      <UniqueIdentifier>{bfc7b8ca-b771-4ee8-a09f-109ea3800c8e}</UniqueIdentifier>
    </Filter>
    <Filter Include="card">
      <UniqueIdentifier>{2a94c434-082e-4b9d-9993-604771d38d71}</UniqueIdentifier>
    </Filter>
  </ItemGroup>
  <ItemGroup>
    <ClInclude Include="actions\Actions.fwd.hpp">
      <Filter>actions</Filter>
    </ClInclude>
    <ClInclude Include="actions\Actions.hpp">
      <Filter>actions</Filter>
    </ClInclude>
    <ClInclude Include="board\Board.fwd.hpp">
      <Filter>board</Filter>
    </ClInclude>
    <ClInclude Include="board\Vertex.fwd.hpp">
      <Filter>board</Filter>
    </ClInclude>
    <ClInclude Include="board\Edge.fwd.hpp">
      <Filter>board</Filter>
    </ClInclude>
    <ClInclude Include="board\Harbor.fwd.hpp">
      <Filter>board</Filter>
    </ClInclude>
    <ClInclude Include="board\Land.fwd.hpp">
      <Filter>board</Filter>
    </ClInclude>
    <ClInclude Include="board\Board.hpp">
      <Filter>board</Filter>
    </ClInclude>
    <ClInclude Include="board\Vertex.hpp">
      <Filter>board</Filter>
    </ClInclude>
    <ClInclude Include="board\Land.hpp">
      <Filter>board</Filter>
    </ClInclude>
    <ClInclude Include="board\Cell.hpp">
      <Filter>board</Filter>
    </ClInclude>
    <ClInclude Include="board\Harbor.hpp">
      <Filter>board</Filter>
    </ClInclude>
    <ClInclude Include="utility\Utility.hpp">
      <Filter>utility</Filter>
    </ClInclude>
    <ClInclude Include="utility\NumberGenerator.hpp">
      <Filter>utility</Filter>
    </ClInclude>
    <ClInclude Include="utility\NumberGenerator.fwd.hpp">
      <Filter>utility</Filter>
    </ClInclude>
    <ClInclude Include="utility\Serializable.hpp">
      <Filter>utility</Filter>
    </ClInclude>
    <ClInclude Include="board\Edge.hpp">
      <Filter>board</Filter>
    </ClInclude>
    <ClInclude Include="board\Dice.hpp">
      <Filter>board</Filter>
    </ClInclude>
    <ClInclude Include="board\Dice.fwd.hpp">
      <Filter>board</Filter>
    </ClInclude>
    <ClInclude Include="player\Player.fwd.hpp">
      <Filter>player</Filter>
    </ClInclude>
    <ClInclude Include="player\PlayerInterface.hpp">
      <Filter>player</Filter>
    </ClInclude>
    <ClInclude Include="player\PlayerReactions.hpp">
      <Filter>player</Filter>
    </ClInclude>
    <ClInclude Include="player\Player.hpp">
      <Filter>player</Filter>
    </ClInclude>
    <ClInclude Include="token\Token.hpp">
      <Filter>token</Filter>
    </ClInclude>
    <ClInclude Include="token\Robber.hpp">
      <Filter>token</Filter>
    </ClInclude>
    <ClInclude Include="token\Road.hpp">
      <Filter>token</Filter>
    </ClInclude>
    <ClInclude Include="token\Building.hpp">
      <Filter>token</Filter>
    </ClInclude>
    <ClInclude Include="token\Road.fwd.hpp">
      <Filter>token</Filter>
    </ClInclude>
    <ClInclude Include="token\Building.fwd.hpp">
      <Filter>token</Filter>
    </ClInclude>
    <ClInclude Include="card\Card.hpp">
      <Filter>card</Filter>
    </ClInclude>
    <ClInclude Include="card\Development.hpp">
      <Filter>card</Filter>
    </ClInclude>
    <ClInclude Include="card\DevelopmentStock.hpp">
      <Filter>card</Filter>
    </ClInclude>
    <ClInclude Include="board\Cell.fwd.hpp">
      <Filter>board</Filter>
    </ClInclude>
    <ClInclude Include="card\Card.fwd.hpp">
      <Filter>card</Filter>
    </ClInclude>
    <ClInclude Include="card\Development.fwd.hpp">
      <Filter>card</Filter>
    </ClInclude>
    <ClInclude Include="card\DevelopmentStock.fwd.hpp">
      <Filter>card</Filter>
    </ClInclude>
    <ClInclude Include="token\Conditions.hpp">
      <Filter>token</Filter>
    </ClInclude>
    <ClInclude Include="token\Conditions.fwd.hpp">
      <Filter>token</Filter>
    </ClInclude>
    <ClInclude Include="Achievement.fwd.hpp" />
    <ClInclude Include="Game.fwd.hpp" />
    <ClInclude Include="State.fwd.hpp" />
    <ClInclude Include="Achievement.hpp" />
    <ClInclude Include="Game.hpp" />
    <ClInclude Include="GameInterface.hpp" />
    <ClInclude Include="State.hpp" />
  </ItemGroup>
  <ItemGroup>
    <ClCompile Include="actions\Actions.cpp">
      <Filter>actions</Filter>
    </ClCompile>
    <ClCompile Include="board\Board.cpp">
      <Filter>board</Filter>
    </ClCompile>
    <ClCompile Include="board\Cell.cpp">
      <Filter>board</Filter>
    </ClCompile>
    <ClCompile Include="board\Edge.cpp">
      <Filter>board</Filter>
    </ClCompile>
    <ClCompile Include="board\Vertex.cpp">
      <Filter>board</Filter>
    </ClCompile>
    <ClCompile Include="board\Land.cpp">
      <Filter>board</Filter>
    </ClCompile>
    <ClCompile Include="board\Harbor.cpp">
      <Filter>board</Filter>
    </ClCompile>
    <ClCompile Include="utility\NumberGenerator.cpp">
      <Filter>utility</Filter>
    </ClCompile>
    <ClCompile Include="board\Dice.cpp">
      <Filter>board</Filter>
    </ClCompile>
    <ClCompile Include="player\PlayerReactions.cpp">
      <Filter>player</Filter>
    </ClCompile>
    <ClCompile Include="player\Player.cpp">
      <Filter>player</Filter>
    </ClCompile>
    <ClCompile Include="token\Robber.cpp">
      <Filter>token</Filter>
    </ClCompile>
    <ClCompile Include="token\Road.cpp">
      <Filter>token</Filter>
    </ClCompile>
    <ClCompile Include="token\Building.cpp">
      <Filter>token</Filter>
    </ClCompile>
    <ClCompile Include="card\Card.cpp">
      <Filter>card</Filter>
    </ClCompile>
    <ClCompile Include="card\Development.cpp">
      <Filter>card</Filter>
    </ClCompile>
    <ClCompile Include="card\DevelopmentStock.cpp">
      <Filter>card</Filter>
    </ClCompile>
    <ClCompile Include="token\Conditions.cpp">
      <Filter>token</Filter>
    </ClCompile>
    <ClCompile Include="Achievement.cpp" />
    <ClCompile Include="Game.cpp" />
    <ClCompile Include="State.cpp" />
  </ItemGroup>
</Project>